
Microsoft Visual Studio Solution File, Format Version 12.00
# Visual Studio Version 16
VisualStudioVersion = 16.0.808.6
MinimumVisualStudioVersion = 10.0.40219.1
Project("{FAE04EC0-301F-11D3-BF4B-00C04F79EFBC}") = "basics", "helloWorld\basics.csproj", "{A55043B2-225A-4502-A955-B1DD85B18327}"
EndProject
Project("{FAE04EC0-301F-11D3-BF4B-00C04F79EFBC}") = "dataScrapePractice", "dataScrapePractice\dataScrapePractice.csproj", "{D15207E4-6360-4AD8-887A-1F52A605FE03}"
EndProject
Global
	GlobalSection(SolutionConfigurationPlatforms) = preSolution
		Debug|Any CPU = Debug|Any CPU
		Release|Any CPU = Release|Any CPU
	EndGlobalSection
	GlobalSection(ProjectConfigurationPlatforms) = postSolution
		{A55043B2-225A-4502-A955-B1DD85B18327}.Debug|Any CPU.ActiveCfg = Debug|Any CPU
		{A55043B2-225A-4502-A955-B1DD85B18327}.Debug|Any CPU.Build.0 = Debug|Any CPU
		{A55043B2-225A-4502-A955-B1DD85B18327}.Release|Any CPU.ActiveCfg = Release|Any CPU
		{A55043B2-225A-4502-A955-B1DD85B18327}.Release|Any CPU.Build.0 = Release|Any CPU
		{D15207E4-6360-4AD8-887A-1F52A605FE03}.Debug|Any CPU.ActiveCfg = Debug|Any CPU
		{D15207E4-6360-4AD8-887A-1F52A605FE03}.Debug|Any CPU.Build.0 = Debug|Any CPU
		{D15207E4-6360-4AD8-887A-1F52A605FE03}.Release|Any CPU.ActiveCfg = Release|Any CPU
		{D15207E4-6360-4AD8-887A-1F52A605FE03}.Release|Any CPU.Build.0 = Release|Any CPU
	EndGlobalSection
	GlobalSection(SolutionProperties) = preSolution
		HideSolutionNode = FALSE
	EndGlobalSection
	GlobalSection(ExtensibilityGlobals) = postSolution
		SolutionGuid = {8B5245CF-C49D-4C59-B971-3F33E6C5238E}
	EndGlobalSection
EndGlobal
